
Microsoft Visual Studio Solution File, Format Version 12.00
# Visual Studio Version 17
VisualStudioVersion = 17.10.34928.147
MinimumVisualStudioVersion = 10.0.40219.1
Project("{FAE04EC0-301F-11D3-BF4B-00C04F79EFBC}") = "LineOrdering", "LineOrdering\LineOrdering.csproj", "{F197810F-322A-4071-8084-6D860A5D5867}"
EndProject
Global
	GlobalSection(SolutionConfigurationPlatforms) = preSolution
		Debug|Any CPU = Debug|Any CPU
		Release|Any CPU = Release|Any CPU
	EndGlobalSection
	GlobalSection(ProjectConfigurationPlatforms) = postSolution
		{F197810F-322A-4071-8084-6D860A5D5867}.Debug|Any CPU.ActiveCfg = Debug|Any CPU
		{F197810F-322A-4071-8084-6D860A5D5867}.Debug|Any CPU.Build.0 = Debug|Any CPU
		{F197810F-322A-4071-8084-6D860A5D5867}.Release|Any CPU.ActiveCfg = Release|Any CPU
		{F197810F-322A-4071-8084-6D860A5D5867}.Release|Any CPU.Build.0 = Release|Any CPU
	EndGlobalSection
	GlobalSection(SolutionProperties) = preSolution
		HideSolutionNode = FALSE
	EndGlobalSection
	GlobalSection(ExtensibilityGlobals) = postSolution
		SolutionGuid = {A7CCEE07-2B03-49C3-B524-DBDA70129622}
	EndGlobalSection
EndGlobal
